// !$*UTF8*$!
{
	archiveVersion = 1;
	classes = {
	};
	objectVersion = 46;
	objects = {

/* Begin PBXBuildFile section */
		00E356F31AD99517003FC87E /* DemoTests.m in Sources */ = {isa = PBXBuildFile; fileRef = 00E356F21AD99517003FC87E /* DemoTests.m */; };
		13B07FBC1A68108700A75B9A /* AppDelegate.m in Sources */ = {isa = PBXBuildFile; fileRef = 13B07FB01A68108700A75B9A /* AppDelegate.m */; };
		13B07FBD1A68108700A75B9A /* LaunchScreen.xib in Resources */ = {isa = PBXBuildFile; fileRef = 13B07FB11A68108700A75B9A /* LaunchScreen.xib */; };
		13B07FBF1A68108700A75B9A /* Images.xcassets in Resources */ = {isa = PBXBuildFile; fileRef = 13B07FB51A68108700A75B9A /* Images.xcassets */; };
		13B07FC11A68108700A75B9A /* main.m in Sources */ = {isa = PBXBuildFile; fileRef = 13B07FB71A68108700A75B9A /* main.m */; };
		D17F8F8E28AA46FD840EA689 /* libRNSVG.a in Frameworks */ = {isa = PBXBuildFile; fileRef = FDBC0C09C87C4DB5B65FC0C8 /* libRNSVG.a */; };
		FC9027961CFCCF8B00FB3867 /* libRCTActionSheet.a in Frameworks */ = {isa = PBXBuildFile; fileRef = FC9027651CFCCEFC00FB3867 /* libRCTActionSheet.a */; };
		FC9027971CFCCF8B00FB3867 /* libRCTGeolocation.a in Frameworks */ = {isa = PBXBuildFile; fileRef = FC90276B1CFCCF0300FB3867 /* libRCTGeolocation.a */; };
		FC9027981CFCCF8B00FB3867 /* libRCTImage.a in Frameworks */ = {isa = PBXBuildFile; fileRef = FC9027711CFCCF0800FB3867 /* libRCTImage.a */; };
		FC9027991CFCCF8B00FB3867 /* libRCTLinking.a in Frameworks */ = {isa = PBXBuildFile; fileRef = FC9027771CFCCF0D00FB3867 /* libRCTLinking.a */; };
		FC90279A1CFCCF8B00FB3867 /* libRCTNetwork.a in Frameworks */ = {isa = PBXBuildFile; fileRef = FC90277D1CFCCF1100FB3867 /* libRCTNetwork.a */; };
		FC90279B1CFCCF8B00FB3867 /* libRCTSettings.a in Frameworks */ = {isa = PBXBuildFile; fileRef = FC9027831CFCCF1700FB3867 /* libRCTSettings.a */; };
		FC90279C1CFCCF8B00FB3867 /* libRCTText.a in Frameworks */ = {isa = PBXBuildFile; fileRef = FC9027891CFCCF1B00FB3867 /* libRCTText.a */; };
		FC90279D1CFCCF8B00FB3867 /* libRCTVibration.a in Frameworks */ = {isa = PBXBuildFile; fileRef = FC90278F1CFCCF1F00FB3867 /* libRCTVibration.a */; };
		FC90279E1CFCCF8B00FB3867 /* libRCTWebSocket.a in Frameworks */ = {isa = PBXBuildFile; fileRef = FC9027951CFCCF2300FB3867 /* libRCTWebSocket.a */; };
		FC90279F1CFCCF8B00FB3867 /* libReact.a in Frameworks */ = {isa = PBXBuildFile; fileRef = FC90275F1CFCCEF100FB3867 /* libReact.a */; };
		FC9027A01CFCCF9700FB3867 /* libRCTActionSheet.a in Frameworks */ = {isa = PBXBuildFile; fileRef = FC9027651CFCCEFC00FB3867 /* libRCTActionSheet.a */; };
		FC9027A11CFCCF9700FB3867 /* libRCTGeolocation.a in Frameworks */ = {isa = PBXBuildFile; fileRef = FC90276B1CFCCF0300FB3867 /* libRCTGeolocation.a */; };
		FC9027A21CFCCF9700FB3867 /* libRCTImage.a in Frameworks */ = {isa = PBXBuildFile; fileRef = FC9027711CFCCF0800FB3867 /* libRCTImage.a */; };
		FC9027A31CFCCF9700FB3867 /* libRCTLinking.a in Frameworks */ = {isa = PBXBuildFile; fileRef = FC9027771CFCCF0D00FB3867 /* libRCTLinking.a */; };
		FC9027A41CFCCF9700FB3867 /* libRCTNetwork.a in Frameworks */ = {isa = PBXBuildFile; fileRef = FC90277D1CFCCF1100FB3867 /* libRCTNetwork.a */; };
		FC9027A51CFCCF9700FB3867 /* libRCTSettings.a in Frameworks */ = {isa = PBXBuildFile; fileRef = FC9027831CFCCF1700FB3867 /* libRCTSettings.a */; };
		FC9027A61CFCCF9700FB3867 /* libRCTText.a in Frameworks */ = {isa = PBXBuildFile; fileRef = FC9027891CFCCF1B00FB3867 /* libRCTText.a */; };
		FC9027A71CFCCF9700FB3867 /* libRCTVibration.a in Frameworks */ = {isa = PBXBuildFile; fileRef = FC90278F1CFCCF1F00FB3867 /* libRCTVibration.a */; };
		FC9027A81CFCCF9700FB3867 /* libRCTWebSocket.a in Frameworks */ = {isa = PBXBuildFile; fileRef = FC9027951CFCCF2300FB3867 /* libRCTWebSocket.a */; };
		FC9027A91CFCCF9700FB3867 /* libReact.a in Frameworks */ = {isa = PBXBuildFile; fileRef = FC90275F1CFCCEF100FB3867 /* libReact.a */; };
		FC9027B01CFCD3B200FB3867 /* libRNSVG.a in Frameworks */ = {isa = PBXBuildFile; fileRef = FC9027AF1CFCD3AF00FB3867 /* libRNSVG.a */; };
/* End PBXBuildFile section */

/* Begin PBXContainerItemProxy section */
		00E356F41AD99517003FC87E /* PBXContainerItemProxy */ = {
			isa = PBXContainerItemProxy;
			containerPortal = 83CBB9F71A601CBA00E9B192 /* Project object */;
			proxyType = 1;
			remoteGlobalIDString = 13B07F861A680F5B00A75B9A;
			remoteInfo = Demo;
		};
		837A65F21D9190FB00DAB38E /* PBXContainerItemProxy */ = {
			isa = PBXContainerItemProxy;
			containerPortal = 40ED41E65F2740DEA21C1767 /* RNSVG.xcodeproj */;
			proxyType = 2;
			remoteGlobalIDString = 0CF68AC11AF0540F00FF9E5C;
			remoteInfo = RNSVG;
		};
		FC90275E1CFCCEF100FB3867 /* PBXContainerItemProxy */ = {
			isa = PBXContainerItemProxy;
			containerPortal = FC90275A1CFCCEF100FB3867 /* React.xcodeproj */;
			proxyType = 2;
			remoteGlobalIDString = 83CBBA2E1A601D0E00E9B192;
			remoteInfo = React;
		};
		FC9027641CFCCEFC00FB3867 /* PBXContainerItemProxy */ = {
			isa = PBXContainerItemProxy;
			containerPortal = FC9027601CFCCEFC00FB3867 /* RCTActionSheet.xcodeproj */;
			proxyType = 2;
			remoteGlobalIDString = 134814201AA4EA6300B7C361;
			remoteInfo = RCTActionSheet;
		};
		FC90276A1CFCCF0300FB3867 /* PBXContainerItemProxy */ = {
			isa = PBXContainerItemProxy;
			containerPortal = FC9027661CFCCF0300FB3867 /* RCTGeolocation.xcodeproj */;
			proxyType = 2;
			remoteGlobalIDString = 134814201AA4EA6300B7C361;
			remoteInfo = RCTGeolocation;
		};
		FC9027701CFCCF0800FB3867 /* PBXContainerItemProxy */ = {
			isa = PBXContainerItemProxy;
			containerPortal = FC90276C1CFCCF0800FB3867 /* RCTImage.xcodeproj */;
			proxyType = 2;
			remoteGlobalIDString = 58B5115D1A9E6B3D00147676;
			remoteInfo = RCTImage;
		};
		FC9027761CFCCF0D00FB3867 /* PBXContainerItemProxy */ = {
			isa = PBXContainerItemProxy;
			containerPortal = FC9027721CFCCF0D00FB3867 /* RCTLinking.xcodeproj */;
			proxyType = 2;
			remoteGlobalIDString = 134814201AA4EA6300B7C361;
			remoteInfo = RCTLinking;
		};
		FC90277C1CFCCF1100FB3867 /* PBXContainerItemProxy */ = {
			isa = PBXContainerItemProxy;
			containerPortal = FC9027781CFCCF1100FB3867 /* RCTNetwork.xcodeproj */;
			proxyType = 2;
			remoteGlobalIDString = 58B511DB1A9E6C8500147676;
			remoteInfo = RCTNetwork;
		};
		FC9027821CFCCF1700FB3867 /* PBXContainerItemProxy */ = {
			isa = PBXContainerItemProxy;
			containerPortal = FC90277E1CFCCF1700FB3867 /* RCTSettings.xcodeproj */;
			proxyType = 2;
			remoteGlobalIDString = 134814201AA4EA6300B7C361;
			remoteInfo = RCTSettings;
		};
		FC9027881CFCCF1B00FB3867 /* PBXContainerItemProxy */ = {
			isa = PBXContainerItemProxy;
			containerPortal = FC9027841CFCCF1B00FB3867 /* RCTText.xcodeproj */;
			proxyType = 2;
			remoteGlobalIDString = 58B5119B1A9E6C1200147676;
			remoteInfo = RCTText;
		};
		FC90278E1CFCCF1F00FB3867 /* PBXContainerItemProxy */ = {
			isa = PBXContainerItemProxy;
			containerPortal = FC90278A1CFCCF1F00FB3867 /* RCTVibration.xcodeproj */;
			proxyType = 2;
			remoteGlobalIDString = 832C81801AAF6DEF007FA2F7;
			remoteInfo = RCTVibration;
		};
		FC9027941CFCCF2300FB3867 /* PBXContainerItemProxy */ = {
			isa = PBXContainerItemProxy;
			containerPortal = FC9027901CFCCF2300FB3867 /* RCTWebSocket.xcodeproj */;
			proxyType = 2;
			remoteGlobalIDString = 3C86DF461ADF2C930047B81A;
			remoteInfo = RCTWebSocket;
		};
		FC9027AE1CFCD3AF00FB3867 /* PBXContainerItemProxy */ = {
			isa = PBXContainerItemProxy;
			containerPortal = FC9027AA1CFCD3AE00FB3867 /* RNSVG.xcodeproj */;
			proxyType = 2;
			remoteGlobalIDString = 0CF68AC11AF0540F00FF9E5C;
			remoteInfo = RNSVG;
		};
/* End PBXContainerItemProxy section */

/* Begin PBXFileReference section */
		008F07F21AC5B25A0029DE68 /* main.jsbundle */ = {isa = PBXFileReference; fileEncoding = 4; lastKnownFileType = text; path = main.jsbundle; sourceTree = "<group>"; };
		00E356EE1AD99517003FC87E /* DemoTests.xctest */ = {isa = PBXFileReference; explicitFileType = wrapper.cfbundle; includeInIndex = 0; path = DemoTests.xctest; sourceTree = BUILT_PRODUCTS_DIR; };
		00E356F11AD99517003FC87E /* Info.plist */ = {isa = PBXFileReference; lastKnownFileType = text.plist.xml; path = Info.plist; sourceTree = "<group>"; };
		00E356F21AD99517003FC87E /* DemoTests.m */ = {isa = PBXFileReference; lastKnownFileType = sourcecode.c.objc; path = DemoTests.m; sourceTree = "<group>"; };
		13B07F961A680F5B00A75B9A /* Demo.app */ = {isa = PBXFileReference; explicitFileType = wrapper.application; includeInIndex = 0; path = Demo.app; sourceTree = BUILT_PRODUCTS_DIR; };
		13B07FAF1A68108700A75B9A /* AppDelegate.h */ = {isa = PBXFileReference; fileEncoding = 4; lastKnownFileType = sourcecode.c.h; name = AppDelegate.h; path = Demo/AppDelegate.h; sourceTree = "<group>"; };
		13B07FB01A68108700A75B9A /* AppDelegate.m */ = {isa = PBXFileReference; fileEncoding = 4; lastKnownFileType = sourcecode.c.objc; name = AppDelegate.m; path = Demo/AppDelegate.m; sourceTree = "<group>"; };
		13B07FB21A68108700A75B9A /* Base */ = {isa = PBXFileReference; lastKnownFileType = file.xib; name = Base; path = Base.lproj/LaunchScreen.xib; sourceTree = "<group>"; };
		13B07FB51A68108700A75B9A /* Images.xcassets */ = {isa = PBXFileReference; lastKnownFileType = folder.assetcatalog; name = Images.xcassets; path = Demo/Images.xcassets; sourceTree = "<group>"; };
		13B07FB61A68108700A75B9A /* Info.plist */ = {isa = PBXFileReference; fileEncoding = 4; lastKnownFileType = text.plist.xml; name = Info.plist; path = Demo/Info.plist; sourceTree = "<group>"; };
		13B07FB71A68108700A75B9A /* main.m */ = {isa = PBXFileReference; fileEncoding = 4; lastKnownFileType = sourcecode.c.objc; name = main.m; path = Demo/main.m; sourceTree = "<group>"; };
		40ED41E65F2740DEA21C1767 /* RNSVG.xcodeproj */ = {isa = PBXFileReference; explicitFileType = undefined; fileEncoding = 9; includeInIndex = 0; lastKnownFileType = "wrapper.pb-project"; name = RNSVG.xcodeproj; path = "../../node_modules/react-native-svg/ios/RNSVG.xcodeproj"; sourceTree = "<group>"; };
		FC90275A1CFCCEF100FB3867 /* React.xcodeproj */ = {isa = PBXFileReference; lastKnownFileType = "wrapper.pb-project"; name = React.xcodeproj; path = "../../node_modules/react-native/React/React.xcodeproj"; sourceTree = "<group>"; };
		FC9027601CFCCEFC00FB3867 /* RCTActionSheet.xcodeproj */ = {isa = PBXFileReference; lastKnownFileType = "wrapper.pb-project"; name = RCTActionSheet.xcodeproj; path = "../../node_modules/react-native/Libraries/ActionSheetIOS/RCTActionSheet.xcodeproj"; sourceTree = "<group>"; };
		FC9027661CFCCF0300FB3867 /* RCTGeolocation.xcodeproj */ = {isa = PBXFileReference; lastKnownFileType = "wrapper.pb-project"; name = RCTGeolocation.xcodeproj; path = "../../node_modules/react-native/Libraries/Geolocation/RCTGeolocation.xcodeproj"; sourceTree = "<group>"; };
		FC90276C1CFCCF0800FB3867 /* RCTImage.xcodeproj */ = {isa = PBXFileReference; lastKnownFileType = "wrapper.pb-project"; name = RCTImage.xcodeproj; path = "../../node_modules/react-native/Libraries/Image/RCTImage.xcodeproj"; sourceTree = "<group>"; };
		FC9027721CFCCF0D00FB3867 /* RCTLinking.xcodeproj */ = {isa = PBXFileReference; lastKnownFileType = "wrapper.pb-project"; name = RCTLinking.xcodeproj; path = "../../node_modules/react-native/Libraries/LinkingIOS/RCTLinking.xcodeproj"; sourceTree = "<group>"; };
		FC9027781CFCCF1100FB3867 /* RCTNetwork.xcodeproj */ = {isa = PBXFileReference; lastKnownFileType = "wrapper.pb-project"; name = RCTNetwork.xcodeproj; path = "../../node_modules/react-native/Libraries/Network/RCTNetwork.xcodeproj"; sourceTree = "<group>"; };
		FC90277E1CFCCF1700FB3867 /* RCTSettings.xcodeproj */ = {isa = PBXFileReference; lastKnownFileType = "wrapper.pb-project"; name = RCTSettings.xcodeproj; path = "../../node_modules/react-native/Libraries/Settings/RCTSettings.xcodeproj"; sourceTree = "<group>"; };
		FC9027841CFCCF1B00FB3867 /* RCTText.xcodeproj */ = {isa = PBXFileReference; lastKnownFileType = "wrapper.pb-project"; name = RCTText.xcodeproj; path = "../../node_modules/react-native/Libraries/Text/RCTText.xcodeproj"; sourceTree = "<group>"; };
		FC90278A1CFCCF1F00FB3867 /* RCTVibration.xcodeproj */ = {isa = PBXFileReference; lastKnownFileType = "wrapper.pb-project"; name = RCTVibration.xcodeproj; path = "../../node_modules/react-native/Libraries/Vibration/RCTVibration.xcodeproj"; sourceTree = "<group>"; };
		FC9027901CFCCF2300FB3867 /* RCTWebSocket.xcodeproj */ = {isa = PBXFileReference; lastKnownFileType = "wrapper.pb-project"; name = RCTWebSocket.xcodeproj; path = "../../node_modules/react-native/Libraries/WebSocket/RCTWebSocket.xcodeproj"; sourceTree = "<group>"; };
		FC9027AA1CFCD3AE00FB3867 /* RNSVG.xcodeproj */ = {isa = PBXFileReference; lastKnownFileType = "wrapper.pb-project"; name = RNSVG.xcodeproj; path = "../../node_modules/react-native-svg/ios/RNSVG.xcodeproj"; sourceTree = "<group>"; };
		FDBC0C09C87C4DB5B65FC0C8 /* libRNSVG.a */ = {isa = PBXFileReference; explicitFileType = undefined; fileEncoding = 9; includeInIndex = 0; lastKnownFileType = archive.ar; path = libRNSVG.a; sourceTree = "<group>"; };
/* End PBXFileReference section */

/* Begin PBXFrameworksBuildPhase section */
		00E356EB1AD99517003FC87E /* Frameworks */ = {
			isa = PBXFrameworksBuildPhase;
			buildActionMask = 2147483647;
			files = (
				FC9027961CFCCF8B00FB3867 /* libRCTActionSheet.a in Frameworks */,
				FC9027971CFCCF8B00FB3867 /* libRCTGeolocation.a in Frameworks */,
				FC9027981CFCCF8B00FB3867 /* libRCTImage.a in Frameworks */,
				FC9027991CFCCF8B00FB3867 /* libRCTLinking.a in Frameworks */,
				FC90279A1CFCCF8B00FB3867 /* libRCTNetwork.a in Frameworks */,
				FC90279B1CFCCF8B00FB3867 /* libRCTSettings.a in Frameworks */,
				FC90279C1CFCCF8B00FB3867 /* libRCTText.a in Frameworks */,
				FC90279D1CFCCF8B00FB3867 /* libRCTVibration.a in Frameworks */,
				FC90279E1CFCCF8B00FB3867 /* libRCTWebSocket.a in Frameworks */,
				FC90279F1CFCCF8B00FB3867 /* libReact.a in Frameworks */,
			);
			runOnlyForDeploymentPostprocessing = 0;
		};
		13B07F8C1A680F5B00A75B9A /* Frameworks */ = {
			isa = PBXFrameworksBuildPhase;
			buildActionMask = 2147483647;
			files = (
				FC9027B01CFCD3B200FB3867 /* libRNSVG.a in Frameworks */,
				FC9027A01CFCCF9700FB3867 /* libRCTActionSheet.a in Frameworks */,
				FC9027A11CFCCF9700FB3867 /* libRCTGeolocation.a in Frameworks */,
				FC9027A21CFCCF9700FB3867 /* libRCTImage.a in Frameworks */,
				FC9027A31CFCCF9700FB3867 /* libRCTLinking.a in Frameworks */,
				FC9027A41CFCCF9700FB3867 /* libRCTNetwork.a in Frameworks */,
				FC9027A51CFCCF9700FB3867 /* libRCTSettings.a in Frameworks */,
				FC9027A61CFCCF9700FB3867 /* libRCTText.a in Frameworks */,
				FC9027A71CFCCF9700FB3867 /* libRCTVibration.a in Frameworks */,
				FC9027A81CFCCF9700FB3867 /* libRCTWebSocket.a in Frameworks */,
				FC9027A91CFCCF9700FB3867 /* libReact.a in Frameworks */,
				D17F8F8E28AA46FD840EA689 /* libRNSVG.a in Frameworks */,
			);
			runOnlyForDeploymentPostprocessing = 0;
		};
/* End PBXFrameworksBuildPhase section */

/* Begin PBXGroup section */
		00E356EF1AD99517003FC87E /* DemoTests */ = {
			isa = PBXGroup;
			children = (
				00E356F21AD99517003FC87E /* DemoTests.m */,
				00E356F01AD99517003FC87E /* Supporting Files */,
			);
			path = DemoTests;
			sourceTree = "<group>";
		};
		00E356F01AD99517003FC87E /* Supporting Files */ = {
			isa = PBXGroup;
			children = (
				00E356F11AD99517003FC87E /* Info.plist */,
			);
			name = "Supporting Files";
			sourceTree = "<group>";
		};
		13B07FAE1A68108700A75B9A /* Demo */ = {
			isa = PBXGroup;
			children = (
				008F07F21AC5B25A0029DE68 /* main.jsbundle */,
				13B07FAF1A68108700A75B9A /* AppDelegate.h */,
				13B07FB01A68108700A75B9A /* AppDelegate.m */,
				13B07FB51A68108700A75B9A /* Images.xcassets */,
				13B07FB61A68108700A75B9A /* Info.plist */,
				13B07FB11A68108700A75B9A /* LaunchScreen.xib */,
				13B07FB71A68108700A75B9A /* main.m */,
			);
			name = Demo;
			sourceTree = "<group>";
		};
		832341AE1AAA6A7D00B99B32 /* Libraries */ = {
			isa = PBXGroup;
			children = (
				FC9027601CFCCEFC00FB3867 /* RCTActionSheet.xcodeproj */,
				FC9027661CFCCF0300FB3867 /* RCTGeolocation.xcodeproj */,
				FC90276C1CFCCF0800FB3867 /* RCTImage.xcodeproj */,
				FC9027721CFCCF0D00FB3867 /* RCTLinking.xcodeproj */,
				FC9027781CFCCF1100FB3867 /* RCTNetwork.xcodeproj */,
				FC90277E1CFCCF1700FB3867 /* RCTSettings.xcodeproj */,
				FC9027841CFCCF1B00FB3867 /* RCTText.xcodeproj */,
				FC90278A1CFCCF1F00FB3867 /* RCTVibration.xcodeproj */,
				FC9027901CFCCF2300FB3867 /* RCTWebSocket.xcodeproj */,
				FC90275A1CFCCEF100FB3867 /* React.xcodeproj */,
				40ED41E65F2740DEA21C1767 /* RNSVG.xcodeproj */,
			);
			name = Libraries;
			sourceTree = "<group>";
		};
		837A65E41D9190F900DAB38E /* Products */ = {
			isa = PBXGroup;
			children = (
				837A65F31D9190FB00DAB38E /* libRNSVG.a */,
			);
			name = Products;
			sourceTree = "<group>";
		};
		83CBB9F61A601CBA00E9B192 = {
			isa = PBXGroup;
			children = (
				FC9027AA1CFCD3AE00FB3867 /* RNSVG.xcodeproj */,
				13B07FAE1A68108700A75B9A /* Demo */,
				832341AE1AAA6A7D00B99B32 /* Libraries */,
				00E356EF1AD99517003FC87E /* DemoTests */,
				83CBBA001A601CBA00E9B192 /* Products */,
			);
			indentWidth = 2;
			sourceTree = "<group>";
			tabWidth = 2;
		};
		83CBBA001A601CBA00E9B192 /* Products */ = {
			isa = PBXGroup;
			children = (
				13B07F961A680F5B00A75B9A /* Demo.app */,
				00E356EE1AD99517003FC87E /* DemoTests.xctest */,
			);
			name = Products;
			sourceTree = "<group>";
		};
		FC90275B1CFCCEF100FB3867 /* Products */ = {
			isa = PBXGroup;
			children = (
				FC90275F1CFCCEF100FB3867 /* libReact.a */,
			);
			name = Products;
			sourceTree = "<group>";
		};
		FC9027611CFCCEFC00FB3867 /* Products */ = {
			isa = PBXGroup;
			children = (
				FC9027651CFCCEFC00FB3867 /* libRCTActionSheet.a */,
			);
			name = Products;
			sourceTree = "<group>";
		};
		FC9027671CFCCF0300FB3867 /* Products */ = {
			isa = PBXGroup;
			children = (
				FC90276B1CFCCF0300FB3867 /* libRCTGeolocation.a */,
			);
			name = Products;
			sourceTree = "<group>";
		};
		FC90276D1CFCCF0800FB3867 /* Products */ = {
			isa = PBXGroup;
			children = (
				FC9027711CFCCF0800FB3867 /* libRCTImage.a */,
			);
			name = Products;
			sourceTree = "<group>";
		};
		FC9027731CFCCF0D00FB3867 /* Products */ = {
			isa = PBXGroup;
			children = (
				FC9027771CFCCF0D00FB3867 /* libRCTLinking.a */,
			);
			name = Products;
			sourceTree = "<group>";
		};
		FC9027791CFCCF1100FB3867 /* Products */ = {
			isa = PBXGroup;
			children = (
				FC90277D1CFCCF1100FB3867 /* libRCTNetwork.a */,
			);
			name = Products;
			sourceTree = "<group>";
		};
		FC90277F1CFCCF1700FB3867 /* Products */ = {
			isa = PBXGroup;
			children = (
				FC9027831CFCCF1700FB3867 /* libRCTSettings.a */,
			);
			name = Products;
			sourceTree = "<group>";
		};
		FC9027851CFCCF1B00FB3867 /* Products */ = {
			isa = PBXGroup;
			children = (
				FC9027891CFCCF1B00FB3867 /* libRCTText.a */,
			);
			name = Products;
			sourceTree = "<group>";
		};
		FC90278B1CFCCF1F00FB3867 /* Products */ = {
			isa = PBXGroup;
			children = (
				FC90278F1CFCCF1F00FB3867 /* libRCTVibration.a */,
			);
			name = Products;
			sourceTree = "<group>";
		};
		FC9027911CFCCF2300FB3867 /* Products */ = {
			isa = PBXGroup;
			children = (
				FC9027951CFCCF2300FB3867 /* libRCTWebSocket.a */,
			);
			name = Products;
			sourceTree = "<group>";
		};
		FC9027AB1CFCD3AE00FB3867 /* Products */ = {
			isa = PBXGroup;
			children = (
				FC9027AF1CFCD3AF00FB3867 /* libRNSVG.a */,
			);
			name = Products;
			sourceTree = "<group>";
		};
/* End PBXGroup section */

/* Begin PBXNativeTarget section */
		00E356ED1AD99517003FC87E /* DemoTests */ = {
			isa = PBXNativeTarget;
			buildConfigurationList = 00E357021AD99517003FC87E /* Build configuration list for PBXNativeTarget "DemoTests" */;
			buildPhases = (
				00E356EA1AD99517003FC87E /* Sources */,
				00E356EB1AD99517003FC87E /* Frameworks */,
				00E356EC1AD99517003FC87E /* Resources */,
			);
			buildRules = (
			);
			dependencies = (
				00E356F51AD99517003FC87E /* PBXTargetDependency */,
			);
			name = DemoTests;
			productName = DemoTests;
			productReference = 00E356EE1AD99517003FC87E /* DemoTests.xctest */;
			productType = "com.apple.product-type.bundle.unit-test";
		};
		13B07F861A680F5B00A75B9A /* Demo */ = {
			isa = PBXNativeTarget;
			buildConfigurationList = 13B07F931A680F5B00A75B9A /* Build configuration list for PBXNativeTarget "Demo" */;
			buildPhases = (
				13B07F871A680F5B00A75B9A /* Sources */,
				13B07F8C1A680F5B00A75B9A /* Frameworks */,
				13B07F8E1A680F5B00A75B9A /* Resources */,
				00DD1BFF1BD5951E006B06BC /* Bundle React Native code and images */,
			);
			buildRules = (
			);
			dependencies = (
			);
			name = Demo;
			productName = "Hello World";
			productReference = 13B07F961A680F5B00A75B9A /* Demo.app */;
			productType = "com.apple.product-type.application";
		};
/* End PBXNativeTarget section */

/* Begin PBXProject section */
		83CBB9F71A601CBA00E9B192 /* Project object */ = {
			isa = PBXProject;
			attributes = {
				LastUpgradeCheck = 610;
				ORGANIZATIONNAME = Facebook;
				TargetAttributes = {
					00E356ED1AD99517003FC87E = {
						CreatedOnToolsVersion = 6.2;
						TestTargetID = 13B07F861A680F5B00A75B9A;
					};
				};
			};
			buildConfigurationList = 83CBB9FA1A601CBA00E9B192 /* Build configuration list for PBXProject "Demo" */;
			compatibilityVersion = "Xcode 3.2";
			developmentRegion = English;
			hasScannedForEncodings = 0;
			knownRegions = (
				en,
				Base,
			);
			mainGroup = 83CBB9F61A601CBA00E9B192;
			productRefGroup = 83CBBA001A601CBA00E9B192 /* Products */;
			projectDirPath = "";
			projectReferences = (
				{
					ProductGroup = FC9027611CFCCEFC00FB3867 /* Products */;
					ProjectRef = FC9027601CFCCEFC00FB3867 /* RCTActionSheet.xcodeproj */;
				},
				{
					ProductGroup = FC9027671CFCCF0300FB3867 /* Products */;
					ProjectRef = FC9027661CFCCF0300FB3867 /* RCTGeolocation.xcodeproj */;
				},
				{
					ProductGroup = FC90276D1CFCCF0800FB3867 /* Products */;
					ProjectRef = FC90276C1CFCCF0800FB3867 /* RCTImage.xcodeproj */;
				},
				{
					ProductGroup = FC9027731CFCCF0D00FB3867 /* Products */;
					ProjectRef = FC9027721CFCCF0D00FB3867 /* RCTLinking.xcodeproj */;
				},
				{
					ProductGroup = FC9027791CFCCF1100FB3867 /* Products */;
					ProjectRef = FC9027781CFCCF1100FB3867 /* RCTNetwork.xcodeproj */;
				},
				{
					ProductGroup = FC90277F1CFCCF1700FB3867 /* Products */;
					ProjectRef = FC90277E1CFCCF1700FB3867 /* RCTSettings.xcodeproj */;
				},
				{
					ProductGroup = FC9027851CFCCF1B00FB3867 /* Products */;
					ProjectRef = FC9027841CFCCF1B00FB3867 /* RCTText.xcodeproj */;
				},
				{
					ProductGroup = FC90278B1CFCCF1F00FB3867 /* Products */;
					ProjectRef = FC90278A1CFCCF1F00FB3867 /* RCTVibration.xcodeproj */;
				},
				{
					ProductGroup = FC9027911CFCCF2300FB3867 /* Products */;
					ProjectRef = FC9027901CFCCF2300FB3867 /* RCTWebSocket.xcodeproj */;
				},
				{
					ProductGroup = FC90275B1CFCCEF100FB3867 /* Products */;
					ProjectRef = FC90275A1CFCCEF100FB3867 /* React.xcodeproj */;
				},
				{
					ProductGroup = FC9027AB1CFCD3AE00FB3867 /* Products */;
					ProjectRef = FC9027AA1CFCD3AE00FB3867 /* RNSVG.xcodeproj */;
				},
				{
					ProductGroup = 837A65E41D9190F900DAB38E /* Products */;
					ProjectRef = 40ED41E65F2740DEA21C1767 /* RNSVG.xcodeproj */;
				},
			);
			projectRoot = "";
			targets = (
				13B07F861A680F5B00A75B9A /* Demo */,
				00E356ED1AD99517003FC87E /* DemoTests */,
			);
		};
/* End PBXProject section */

/* Begin PBXReferenceProxy section */
		837A65F31D9190FB00DAB38E /* libRNSVG.a */ = {
			isa = PBXReferenceProxy;
			fileType = archive.ar;
			path = libRNSVG.a;
			remoteRef = 837A65F21D9190FB00DAB38E /* PBXContainerItemProxy */;
			sourceTree = BUILT_PRODUCTS_DIR;
		};
		FC90275F1CFCCEF100FB3867 /* libReact.a */ = {
			isa = PBXReferenceProxy;
			fileType = archive.ar;
			path = libReact.a;
			remoteRef = FC90275E1CFCCEF100FB3867 /* PBXContainerItemProxy */;
			sourceTree = BUILT_PRODUCTS_DIR;
		};
		FC9027651CFCCEFC00FB3867 /* libRCTActionSheet.a */ = {
			isa = PBXReferenceProxy;
			fileType = archive.ar;
			path = libRCTActionSheet.a;
			remoteRef = FC9027641CFCCEFC00FB3867 /* PBXContainerItemProxy */;
			sourceTree = BUILT_PRODUCTS_DIR;
		};
		FC90276B1CFCCF0300FB3867 /* libRCTGeolocation.a */ = {
			isa = PBXReferenceProxy;
			fileType = archive.ar;
			path = libRCTGeolocation.a;
			remoteRef = FC90276A1CFCCF0300FB3867 /* PBXContainerItemProxy */;
			sourceTree = BUILT_PRODUCTS_DIR;
		};
		FC9027711CFCCF0800FB3867 /* libRCTImage.a */ = {
			isa = PBXReferenceProxy;
			fileType = archive.ar;
			path = libRCTImage.a;
			remoteRef = FC9027701CFCCF0800FB3867 /* PBXContainerItemProxy */;
			sourceTree = BUILT_PRODUCTS_DIR;
		};
		FC9027771CFCCF0D00FB3867 /* libRCTLinking.a */ = {
			isa = PBXReferenceProxy;
			fileType = archive.ar;
			path = libRCTLinking.a;
			remoteRef = FC9027761CFCCF0D00FB3867 /* PBXContainerItemProxy */;
			sourceTree = BUILT_PRODUCTS_DIR;
		};
		FC90277D1CFCCF1100FB3867 /* libRCTNetwork.a */ = {
			isa = PBXReferenceProxy;
			fileType = archive.ar;
			path = libRCTNetwork.a;
			remoteRef = FC90277C1CFCCF1100FB3867 /* PBXContainerItemProxy */;
			sourceTree = BUILT_PRODUCTS_DIR;
		};
		FC9027831CFCCF1700FB3867 /* libRCTSettings.a */ = {
			isa = PBXReferenceProxy;
			fileType = archive.ar;
			path = libRCTSettings.a;
			remoteRef = FC9027821CFCCF1700FB3867 /* PBXContainerItemProxy */;
			sourceTree = BUILT_PRODUCTS_DIR;
		};
		FC9027891CFCCF1B00FB3867 /* libRCTText.a */ = {
			isa = PBXReferenceProxy;
			fileType = archive.ar;
			path = libRCTText.a;
			remoteRef = FC9027881CFCCF1B00FB3867 /* PBXContainerItemProxy */;
			sourceTree = BUILT_PRODUCTS_DIR;
		};
		FC90278F1CFCCF1F00FB3867 /* libRCTVibration.a */ = {
			isa = PBXReferenceProxy;
			fileType = archive.ar;
			path = libRCTVibration.a;
			remoteRef = FC90278E1CFCCF1F00FB3867 /* PBXContainerItemProxy */;
			sourceTree = BUILT_PRODUCTS_DIR;
		};
		FC9027951CFCCF2300FB3867 /* libRCTWebSocket.a */ = {
			isa = PBXReferenceProxy;
			fileType = archive.ar;
			path = libRCTWebSocket.a;
			remoteRef = FC9027941CFCCF2300FB3867 /* PBXContainerItemProxy */;
			sourceTree = BUILT_PRODUCTS_DIR;
		};
		FC9027AF1CFCD3AF00FB3867 /* libRNSVG.a */ = {
			isa = PBXReferenceProxy;
			fileType = archive.ar;
			path = libRNSVG.a;
			remoteRef = FC9027AE1CFCD3AF00FB3867 /* PBXContainerItemProxy */;
			sourceTree = BUILT_PRODUCTS_DIR;
		};
/* End PBXReferenceProxy section */

/* Begin PBXResourcesBuildPhase section */
		00E356EC1AD99517003FC87E /* Resources */ = {
			isa = PBXResourcesBuildPhase;
			buildActionMask = 2147483647;
			files = (
			);
			runOnlyForDeploymentPostprocessing = 0;
		};
		13B07F8E1A680F5B00A75B9A /* Resources */ = {
			isa = PBXResourcesBuildPhase;
			buildActionMask = 2147483647;
			files = (
				13B07FBF1A68108700A75B9A /* Images.xcassets in Resources */,
				13B07FBD1A68108700A75B9A /* LaunchScreen.xib in Resources */,
			);
			runOnlyForDeploymentPostprocessing = 0;
		};
/* End PBXResourcesBuildPhase section */

/* Begin PBXShellScriptBuildPhase section */
		00DD1BFF1BD5951E006B06BC /* Bundle React Native code and images */ = {
			isa = PBXShellScriptBuildPhase;
			buildActionMask = 2147483647;
			files = (
			);
			inputPaths = (
			);
			name = "Bundle React Native code and images";
			outputPaths = (
			);
			runOnlyForDeploymentPostprocessing = 0;
			shellPath = /bin/sh;
			shellScript = "export NODE_BINARY=node\n../../node_modules/react-native/packager/react-native-xcode.sh";
		};
/* End PBXShellScriptBuildPhase section */

/* Begin PBXSourcesBuildPhase section */
		00E356EA1AD99517003FC87E /* Sources */ = {
			isa = PBXSourcesBuildPhase;
			buildActionMask = 2147483647;
			files = (
				00E356F31AD99517003FC87E /* DemoTests.m in Sources */,
			);
			runOnlyForDeploymentPostprocessing = 0;
		};
		13B07F871A680F5B00A75B9A /* Sources */ = {
			isa = PBXSourcesBuildPhase;
			buildActionMask = 2147483647;
			files = (
				13B07FBC1A68108700A75B9A /* AppDelegate.m in Sources */,
				13B07FC11A68108700A75B9A /* main.m in Sources */,
			);
			runOnlyForDeploymentPostprocessing = 0;
		};
/* End PBXSourcesBuildPhase section */

/* Begin PBXTargetDependency section */
		00E356F51AD99517003FC87E /* PBXTargetDependency */ = {
			isa = PBXTargetDependency;
			target = 13B07F861A680F5B00A75B9A /* Demo */;
			targetProxy = 00E356F41AD99517003FC87E /* PBXContainerItemProxy */;
		};
/* End PBXTargetDependency section */

/* Begin PBXVariantGroup section */
		13B07FB11A68108700A75B9A /* LaunchScreen.xib */ = {
			isa = PBXVariantGroup;
			children = (
				13B07FB21A68108700A75B9A /* Base */,
			);
			name = LaunchScreen.xib;
			path = Demo;
			sourceTree = "<group>";
		};
/* End PBXVariantGroup section */

/* Begin XCBuildConfiguration section */
		00E356F61AD99517003FC87E /* Debug */ = {
			isa = XCBuildConfiguration;
			buildSettings = {
				BUNDLE_LOADER = "$(TEST_HOST)";
				GCC_PREPROCESSOR_DEFINITIONS = (
					"DEBUG=1",
					"$(inherited)",
				);
				HEADER_SEARCH_PATHS = (
					"$(inherited)",
					/Applications/Xcode.app/Contents/Developer/Toolchains/XcodeDefault.xctoolchain/usr/include,
					"$(SRCROOT)/../../node_modules/react-native/React/**",
					"$(SRCROOT)/../../node_modules/react-native-svg/ios/**",
				);
				INFOPLIST_FILE = DemoTests/Info.plist;
				IPHONEOS_DEPLOYMENT_TARGET = 8.2;
				LD_RUNPATH_SEARCH_PATHS = "$(inherited) @executable_path/Frameworks @loader_path/Frameworks";
				LIBRARY_SEARCH_PATHS = (
					"$(inherited)",
					"\"$(SRCROOT)/$(TARGET_NAME)\"",
				);
				PRODUCT_NAME = "$(TARGET_NAME)";
				TEST_HOST = "$(BUILT_PRODUCTS_DIR)/Demo.app/Demo";
			};
			name = Debug;
		};
		00E356F71AD99517003FC87E /* Release */ = {
			isa = XCBuildConfiguration;
			buildSettings = {
				BUNDLE_LOADER = "$(TEST_HOST)";
				COPY_PHASE_STRIP = NO;
				HEADER_SEARCH_PATHS = (
					"$(inherited)",
					/Applications/Xcode.app/Contents/Developer/Toolchains/XcodeDefault.xctoolchain/usr/include,
					"$(SRCROOT)/../../node_modules/react-native/React/**",
					"$(SRCROOT)/../../node_modules/react-native-svg/ios/**",
				);
				INFOPLIST_FILE = DemoTests/Info.plist;
				IPHONEOS_DEPLOYMENT_TARGET = 8.2;
				LD_RUNPATH_SEARCH_PATHS = "$(inherited) @executable_path/Frameworks @loader_path/Frameworks";
				LIBRARY_SEARCH_PATHS = (
					"$(inherited)",
					"\"$(SRCROOT)/$(TARGET_NAME)\"",
				);
				PRODUCT_NAME = "$(TARGET_NAME)";
				TEST_HOST = "$(BUILT_PRODUCTS_DIR)/Demo.app/Demo";
			};
			name = Release;
		};
		13B07F941A680F5B00A75B9A /* Debug */ = {
			isa = XCBuildConfiguration;
			buildSettings = {
				ASSETCATALOG_COMPILER_APPICON_NAME = AppIcon;
				DEAD_CODE_STRIPPING = NO;
				HEADER_SEARCH_PATHS = (
					"$(inherited)",
					/Applications/Xcode.app/Contents/Developer/Toolchains/XcodeDefault.xctoolchain/usr/include,
					"$(SRCROOT)/../../node_modules/react-native/React/**",
					"$(SRCROOT)/../../node_modules/react-native-svg/ios/**",
				);
				INFOPLIST_FILE = Demo/Info.plist;
				LD_RUNPATH_SEARCH_PATHS = "$(inherited) @executable_path/Frameworks";
				OTHER_LDFLAGS = (
					"-ObjC",
					"-lc++",
				);
				PRODUCT_NAME = Demo;
			};
			name = Debug;
		};
		13B07F951A680F5B00A75B9A /* Release */ = {
			isa = XCBuildConfiguration;
			buildSettings = {
				ASSETCATALOG_COMPILER_APPICON_NAME = AppIcon;
				HEADER_SEARCH_PATHS = (
					"$(inherited)",
					/Applications/Xcode.app/Contents/Developer/Toolchains/XcodeDefault.xctoolchain/usr/include,
					"$(SRCROOT)/../../node_modules/react-native/React/**",
					"$(SRCROOT)/../../node_modules/react-native-svg/ios/**",
				);
				INFOPLIST_FILE = Demo/Info.plist;
				LD_RUNPATH_SEARCH_PATHS = "$(inherited) @executable_path/Frameworks";
				OTHER_LDFLAGS = (
					"-ObjC",
					"-lc++",
				);
				PRODUCT_NAME = Demo;
			};
			name = Release;
		};
		83CBBA201A601CBA00E9B192 /* Debug */ = {
			isa = XCBuildConfiguration;
			buildSettings = {
				ALWAYS_SEARCH_USER_PATHS = NO;
				CLANG_CXX_LANGUAGE_STANDARD = "gnu++0x";
				CLANG_CXX_LIBRARY = "libc++";
				CLANG_ENABLE_MODULES = YES;
				CLANG_ENABLE_OBJC_ARC = YES;
				CLANG_WARN_BOOL_CONVERSION = YES;
				CLANG_WARN_CONSTANT_CONVERSION = YES;
				CLANG_WARN_DIRECT_OBJC_ISA_USAGE = YES_ERROR;
				CLANG_WARN_EMPTY_BODY = YES;
				CLANG_WARN_ENUM_CONVERSION = YES;
				CLANG_WARN_INT_CONVERSION = YES;
				CLANG_WARN_OBJC_ROOT_CLASS = YES_ERROR;
				CLANG_WARN_UNREACHABLE_CODE = YES;
				CLANG_WARN__DUPLICATE_METHOD_MATCH = YES;
				"CODE_SIGN_IDENTITY[sdk=iphoneos*]" = "iPhone Developer";
				COPY_PHASE_STRIP = NO;
				ENABLE_STRICT_OBJC_MSGSEND = YES;
				GCC_C_LANGUAGE_STANDARD = gnu99;
				GCC_DYNAMIC_NO_PIC = NO;
				GCC_OPTIMIZATION_LEVEL = 0;
				GCC_PREPROCESSOR_DEFINITIONS = (
					"DEBUG=1",
					"$(inherited)",
				);
				GCC_SYMBOLS_PRIVATE_EXTERN = NO;
				GCC_WARN_64_TO_32_BIT_CONVERSION = YES;
				GCC_WARN_ABOUT_RETURN_TYPE = YES_ERROR;
				GCC_WARN_UNDECLARED_SELECTOR = YES;
				GCC_WARN_UNINITIALIZED_AUTOS = YES_AGGRESSIVE;
				GCC_WARN_UNUSED_FUNCTION = YES;
				GCC_WARN_UNUSED_VARIABLE = YES;
				HEADER_SEARCH_PATHS = (
					"$(inherited)",
					/Applications/Xcode.app/Contents/Developer/Toolchains/XcodeDefault.xctoolchain/usr/include,
					"$(SRCROOT)/../../node_modules/react-native/React/**",
					"$(SRCROOT)/../../node_modules/react-native-svg/ios/**",
				);
				IPHONEOS_DEPLOYMENT_TARGET = 7.0;
				MTL_ENABLE_DEBUG_INFO = YES;
				ONLY_ACTIVE_ARCH = YES;
				SDKROOT = iphoneos;
			};
			name = Debug;
		};
		83CBBA211A601CBA00E9B192 /* Release */ = {
			isa = XCBuildConfiguration;
			buildSettings = {
				ALWAYS_SEARCH_USER_PATHS = NO;
				CLANG_CXX_LANGUAGE_STANDARD = "gnu++0x";
				CLANG_CXX_LIBRARY = "libc++";
				CLANG_ENABLE_MODULES = YES;
				CLANG_ENABLE_OBJC_ARC = YES;
				CLANG_WARN_BOOL_CONVERSION = YES;
				CLANG_WARN_CONSTANT_CONVERSION = YES;
				CLANG_WARN_DIRECT_OBJC_ISA_USAGE = YES_ERROR;
				CLANG_WARN_EMPTY_BODY = YES;
				CLANG_WARN_ENUM_CONVERSION = YES;
				CLANG_WARN_INT_CONVERSION = YES;
				CLANG_WARN_OBJC_ROOT_CLASS = YES_ERROR;
				CLANG_WARN_UNREACHABLE_CODE = YES;
				CLANG_WARN__DUPLICATE_METHOD_MATCH = YES;
				"CODE_SIGN_IDENTITY[sdk=iphoneos*]" = "iPhone Developer";
				COPY_PHASE_STRIP = YES;
				ENABLE_NS_ASSERTIONS = NO;
				ENABLE_STRICT_OBJC_MSGSEND = YES;
				GCC_C_LANGUAGE_STANDARD = gnu99;
				GCC_WARN_64_TO_32_BIT_CONVERSION = YES;
				GCC_WARN_ABOUT_RETURN_TYPE = YES_ERROR;
				GCC_WARN_UNDECLARED_SELECTOR = YES;
				GCC_WARN_UNINITIALIZED_AUTOS = YES_AGGRESSIVE;
				GCC_WARN_UNUSED_FUNCTION = YES;
				GCC_WARN_UNUSED_VARIABLE = YES;
				HEADER_SEARCH_PATHS = (
					"$(inherited)",
					/Applications/Xcode.app/Contents/Developer/Toolchains/XcodeDefault.xctoolchain/usr/include,
					"$(SRCROOT)/../../node_modules/react-native/React/**",
					"$(SRCROOT)/../../node_modules/react-native-svg/ios/**",
				);
				IPHONEOS_DEPLOYMENT_TARGET = 7.0;
				MTL_ENABLE_DEBUG_INFO = NO;
				SDKROOT = iphoneos;
				VALIDATE_PRODUCT = YES;
			};
			name = Release;
		};
/* End XCBuildConfiguration section */

/* Begin XCConfigurationList section */
		00E357021AD99517003FC87E /* Build configuration list for PBXNativeTarget "DemoTests" */ = {
			isa = XCConfigurationList;
			buildConfigurations = (
				00E356F61AD99517003FC87E /* Debug */,
				00E356F71AD99517003FC87E /* Release */,
			);
			defaultConfigurationIsVisible = 0;
			defaultConfigurationName = Release;
		};
		13B07F931A680F5B00A75B9A /* Build configuration list for PBXNativeTarget "Demo" */ = {
			isa = XCConfigurationList;
			buildConfigurations = (
				13B07F941A680F5B00A75B9A /* Debug */,
				13B07F951A680F5B00A75B9A /* Release */,
			);
			defaultConfigurationIsVisible = 0;
			defaultConfigurationName = Release;
		};
		83CBB9FA1A601CBA00E9B192 /* Build configuration list for PBXProject "Demo" */ = {
			isa = XCConfigurationList;
			buildConfigurations = (
				83CBBA201A601CBA00E9B192 /* Debug */,
				83CBBA211A601CBA00E9B192 /* Release */,
			);
			defaultConfigurationIsVisible = 0;
			defaultConfigurationName = Release;
		};
/* End XCConfigurationList section */
	};
	rootObject = 83CBB9F71A601CBA00E9B192 /* Project object */;
}
